
Microsoft Visual Studio Solution File, Format Version 12.00
# Visual Studio Express 2012 for Windows Desktop
Project("{8BC9CEB8-8B4A-11D0-8D11-00A0C91BC942}") = "awvic", "awvic.vcxproj", "{694B0B59-3E9C-4351-BB98-4DDAE4FDA007}"
EndProject
Global
	GlobalSection(SolutionConfigurationPlatforms) = preSolution
		Debug|Win32 = Debug|Win32
		Debug|x64 = Debug|x64
		Release|Win32 = Release|Win32
		Release|x64 = Release|x64
	EndGlobalSection
	GlobalSection(ProjectConfigurationPlatforms) = postSolution
		{694B0B59-3E9C-4351-BB98-4DDAE4FDA007}.Debug|Win32.ActiveCfg = Debug|Win32
		{694B0B59-3E9C-4351-BB98-4DDAE4FDA007}.Debug|Win32.Build.0 = Debug|Win32
		{694B0B59-3E9C-4351-BB98-4DDAE4FDA007}.Debug|x64.ActiveCfg = Debug|x64
		{694B0B59-3E9C-4351-BB98-4DDAE4FDA007}.Debug|x64.Build.0 = Debug|x64
		{694B0B59-3E9C-4351-BB98-4DDAE4FDA007}.Release|Win32.ActiveCfg = Release|Win32
		{694B0B59-3E9C-4351-BB98-4DDAE4FDA007}.Release|Win32.Build.0 = Release|Win32
		{694B0B59-3E9C-4351-BB98-4DDAE4FDA007}.Release|x64.ActiveCfg = Release|x64
		{694B0B59-3E9C-4351-BB98-4DDAE4FDA007}.Release|x64.Build.0 = Release|x64
	EndGlobalSection
	GlobalSection(SolutionProperties) = preSolution
		HideSolutionNode = FALSE
	EndGlobalSection
EndGlobal
