<?xml version="1.0" encoding="utf-8"?>
<Project ToolsVersion="4.0" xmlns="http://schemas.microsoft.com/developer/msbuild/2003">
  <ItemGroup>
    <Filter Include="原始程式檔">
      <UniqueIdentifier>{4FC737F1-C7A5-4376-A066-2A32D752A2FF}</UniqueIdentifier>
      <Extensions>cpp;c;cc;cxx;def;odl;idl;hpj;bat;asm;asmx</Extensions>
    </Filter>
    <Filter Include="標頭檔">
      <UniqueIdentifier>{93995380-89BD-4b04-88EB-625FBE52EBFB}</UniqueIdentifier>
      <Extensions>h;hpp;hxx;hm;inl;inc;xsd</Extensions>
    </Filter>
    <Filter Include="資源檔">
      <UniqueIdentifier>{67DA6AB6-F800-4c08-8B7A-83BB121AAD01}</UniqueIdentifier>
      <Extensions>rc;ico;cur;bmp;dlg;rc2;rct;bin;rgs;gif;jpg;jpeg;jpe;resx;tiff;tif;png;wav;mfcribbon-ms</Extensions>
    </Filter>
  </ItemGroup>
  <ItemGroup>
    <ClCompile Include="..\..\src\awvic.cpp">
      <Filter>原始程式檔</Filter>
    </ClCompile>
    <ClCompile Include="..\..\src\svAboutDialog.cpp">
      <Filter>原始程式檔</Filter>
    </ClCompile>
    <ClCompile Include="..\..\src\svBufText.cpp">
      <Filter>原始程式檔</Filter>
    </ClCompile>
    <ClCompile Include="..\..\src\svCommand.cpp">
      <Filter>原始程式檔</Filter>
    </ClCompile>
    <ClCompile Include="..\..\src\svDDialog.cpp">
      <Filter>原始程式檔</Filter>
    </ClCompile>
    <ClCompile Include="..\..\src\svDebugDialog01.cpp">
      <Filter>原始程式檔</Filter>
    </ClCompile>
    <ClCompile Include="..\..\src\svLineText.cpp">
      <Filter>原始程式檔</Filter>
    </ClCompile>
    <ClCompile Include="..\..\src\svListOfIntList.cpp">
      <Filter>原始程式檔</Filter>
    </ClCompile>
    <ClCompile Include="..\..\src\svMainFrame.cpp">
      <Filter>原始程式檔</Filter>
    </ClCompile>
    <ClCompile Include="..\..\src\svPozList.cpp">
      <Filter>原始程式檔</Filter>
    </ClCompile>
    <ClCompile Include="..\..\src\svTextEditorCtrl.cpp">
      <Filter>原始程式檔</Filter>
    </ClCompile>
    <ClCompile Include="..\..\src\svTextStyleList.cpp">
      <Filter>原始程式檔</Filter>
    </ClCompile>
    <ClCompile Include="..\..\src\svTextView.cpp">
      <Filter>原始程式檔</Filter>
    </ClCompile>
    <ClCompile Include="..\..\src\svTheme.cpp">
      <Filter>原始程式檔</Filter>
    </ClCompile>
    <ClCompile Include="..\..\src\svCommonLib.cpp">
      <Filter>原始程式檔</Filter>
    </ClCompile>
    <ClCompile Include="..\..\src\svPreference.cpp">
      <Filter>原始程式檔</Filter>
    </ClCompile>
    <ClCompile Include="..\..\src\svCaret.cpp">
      <Filter>原始程式檔</Filter>
    </ClCompile>
    <ClCompile Include="..\..\src\svScrollBar.cpp">
      <Filter>原始程式檔</Filter>
    </ClCompile>
    <ClCompile Include="..\..\src\svUndoAction.cpp">
      <Filter>原始程式檔</Filter>
    </ClCompile>
    <ClCompile Include="..\..\src\svDictionary.cpp">
      <Filter>原始程式檔</Filter>
    </ClCompile>
    <ClCompile Include="..\..\src\svAction.cpp">
      <Filter>原始程式檔</Filter>
    </ClCompile>
    <ClCompile Include="..\..\src\svFindReplaceCtrl.cpp">
      <Filter>原始程式檔</Filter>
    </ClCompile>
    <ClCompile Include="..\..\src\svOpenFilesCtrl.cpp">
      <Filter>原始程式檔</Filter>
    </ClCompile>
    <ClCompile Include="..\..\src\svCommandLineCtrl.cpp">
      <Filter>原始程式檔</Filter>
    </ClCompile>
    <ClCompile Include="..\..\src\svTypeHintCtrl.cpp">
      <Filter>原始程式檔</Filter>
    </ClCompile>
  </ItemGroup>
  <ItemGroup>
    <ClInclude Include="..\..\src\stdwx.h">
      <Filter>標頭檔</Filter>
    </ClInclude>
    <ClInclude Include="..\..\src\svAboutDialog.h">
      <Filter>標頭檔</Filter>
    </ClInclude>
    <ClInclude Include="..\..\src\svBufText.h">
      <Filter>標頭檔</Filter>
    </ClInclude>
    <ClInclude Include="..\..\src\svCommand.h">
      <Filter>標頭檔</Filter>
    </ClInclude>
    <ClInclude Include="..\..\src\svDDialog.h">
      <Filter>標頭檔</Filter>
    </ClInclude>
    <ClInclude Include="..\..\src\svDebugDialog01.h">
      <Filter>標頭檔</Filter>
    </ClInclude>
    <ClInclude Include="..\..\src\svLineText.h">
      <Filter>標頭檔</Filter>
    </ClInclude>
    <ClInclude Include="..\..\src\svListOfIntList.h">
      <Filter>標頭檔</Filter>
    </ClInclude>
    <ClInclude Include="..\..\src\svMainFrame.h">
      <Filter>標頭檔</Filter>
    </ClInclude>
    <ClInclude Include="..\..\src\svPozList.h">
      <Filter>標頭檔</Filter>
    </ClInclude>
    <ClInclude Include="..\..\src\svTextEditorCtrl.h">
      <Filter>標頭檔</Filter>
    </ClInclude>
    <ClInclude Include="..\..\src\svTextStyleList.h">
      <Filter>標頭檔</Filter>
    </ClInclude>
    <ClInclude Include="..\..\src\svTextView.h">
      <Filter>標頭檔</Filter>
    </ClInclude>
    <ClInclude Include="..\..\src\svTheme.h">
      <Filter>標頭檔</Filter>
    </ClInclude>
    <ClInclude Include="..\..\src\svBaseType.h">
      <Filter>標頭檔</Filter>
    </ClInclude>
    <ClInclude Include="..\..\src\svCommonLib.h">
      <Filter>標頭檔</Filter>
    </ClInclude>
    <ClInclude Include="..\..\src\svPreference.h">
      <Filter>標頭檔</Filter>
    </ClInclude>
    <ClInclude Include="..\..\src\svCaret.h">
      <Filter>標頭檔</Filter>
    </ClInclude>
    <ClInclude Include="..\..\src\svScrollBar.h">
      <Filter>標頭檔</Filter>
    </ClInclude>
    <ClInclude Include="..\..\src\svUndoAction.h">
      <Filter>標頭檔</Filter>
    </ClInclude>
    <ClInclude Include="..\..\src\svDictionary.h">
      <Filter>標頭檔</Filter>
    </ClInclude>
    <ClInclude Include="..\..\src\svAction.h">
      <Filter>標頭檔</Filter>
    </ClInclude>
    <ClInclude Include="..\..\src\svFindReplaceCtrl.h">
      <Filter>標頭檔</Filter>
    </ClInclude>
    <ClInclude Include="..\..\src\svOpenFilesCtrl.h">
      <Filter>標頭檔</Filter>
    </ClInclude>
    <ClInclude Include="..\..\src\svCommandLineCtrl.h">
      <Filter>標頭檔</Filter>
    </ClInclude>
    <ClInclude Include="..\..\src\svTypeHintCtrl.h">
      <Filter>標頭檔</Filter>
    </ClInclude>
  </ItemGroup>
  <ItemGroup>
    <ResourceCompile Include="..\..\src\win.rc\awvic.rc">
      <Filter>資源檔</Filter>
    </ResourceCompile>
  </ItemGroup>
</Project>